# @generated by Move, please check-in and do not edit manually.

[move]
version = 3
manifest_digest = "2544BA0591A2A196B605646E9AD202E9ED90F9FB4AC49E83283759248059EAB9"
deps_digest = "F8BBB0CCB2491CA29A3DF03D6F92277A4F3574266507ACD77214D37ECA3F3082"
dependencies = [
  { id = "Sui", name = "Sui" },
]

[[move.package]]
id = "MoveStdlib"
source = { git = "https://github.com/MystenLabs/sui.git", rev = "framework/testnet", subdir = "crates/sui-framework/packages/move-stdlib" }

[[move.package]]
id = "Sui"
source = { git = "https://github.com/MystenLabs/sui.git", rev = "framework/testnet", subdir = "crates/sui-framework/packages/sui-framework" }

dependencies = [
  { id = "MoveStdlib", name = "MoveStdlib" },
]

[move.toolchain-version]
compiler-version = "1.44.3"
edition = "2024.beta"
flavor = "sui"

[env]

[env.devnet]
chain-id = "4829d9bc"
original-published-id = "0xb0e9f4ea46291140f0e2b333b926a0428d9940c484194c2f83a80505aeccce64"
latest-published-id = "0xb0e9f4ea46291140f0e2b333b926a0428d9940c484194c2f83a80505aeccce64"
published-version = "1"
